// !$*UTF8*$!
{
	archiveVersion = 1;
	classes = {
	};
	objectVersion = 46;
	objects = {

/* Begin PBXCopyFilesBuildPhase section */
		2BD8627519CFE16400B0C11D /* CopyFiles */ = {
			isa = PBXCopyFilesBuildPhase;
			buildActionMask = 2147483647;
			dstPath = /usr/share/man/man1/;
			dstSubfolderSpec = 0;
			files = (
			);
			runOnlyForDeploymentPostprocessing = 1;
		};
/* End PBXCopyFilesBuildPhase section */

/* Begin PBXFileReference section */
		2B9E384919CFE27F00B08856 /* 1-ReadMe.md */ = {isa = PBXFileReference; fileEncoding = 4; lastKnownFileType = net.daringfireball.markdown; path = "1-ReadMe.md"; sourceTree = "<group>"; };
		2B9E384A19CFE27F00B08856 /* aws-awsio.go */ = {isa = PBXFileReference; fileEncoding = 4; lastKnownFileType = text; path = "aws-awsio.go"; sourceTree = "<group>"; xcLanguageSpecificationIdentifier = xcode.lang.java; };
		2B9E384B19CFE27F00B08856 /* aws-commands.go */ = {isa = PBXFileReference; fileEncoding = 4; lastKnownFileType = text; path = "aws-commands.go"; sourceTree = "<group>"; };
		2B9E384C19CFE27F00B08856 /* aws-common.go */ = {isa = PBXFileReference; fileEncoding = 4; lastKnownFileType = text; path = "aws-common.go"; sourceTree = "<group>"; };
		2B9E384D19CFE27F00B08856 /* aws-install.go */ = {isa = PBXFileReference; fileEncoding = 4; lastKnownFileType = text; path = "aws-install.go"; sourceTree = "<group>"; };
		2B9E384E19CFE27F00B08856 /* aws-main.go */ = {isa = PBXFileReference; fileEncoding = 4; lastKnownFileType = text; path = "aws-main.go"; sourceTree = "<group>"; };
		2B9E384F19CFE27F00B08856 /* aws-refresh.go */ = {isa = PBXFileReference; fileEncoding = 4; lastKnownFileType = text; path = "aws-refresh.go"; sourceTree = "<group>"; };
		2B9E385019CFE27F00B08856 /* aws-report.go */ = {isa = PBXFileReference; fileEncoding = 4; lastKnownFileType = text; path = "aws-report.go"; sourceTree = "<group>"; };
		2B9E385219CFE27F00B08856 /* install.sql */ = {isa = PBXFileReference; fileEncoding = 4; lastKnownFileType = text; path = install.sql; sourceTree = "<group>"; };
		2B9E385319CFE27F00B08856 /* uninstall.sql */ = {isa = PBXFileReference; fileEncoding = 4; lastKnownFileType = text; path = uninstall.sql; sourceTree = "<group>"; };
		2B9E385419CFE27F00B08856 /* aws-resources.go */ = {isa = PBXFileReference; fileEncoding = 4; lastKnownFileType = text; path = "aws-resources.go"; sourceTree = "<group>"; };
		2BD8627719CFE16400B0C11D /* aws-backup */ = {isa = PBXFileReference; explicitFileType = "compiled.mach-o.executable"; includeInIndex = 0; path = "aws-backup"; sourceTree = BUILT_PRODUCTS_DIR; };
/* End PBXFileReference section */

/* Begin PBXFrameworksBuildPhase section */
		2BD8627419CFE16400B0C11D /* Frameworks */ = {
			isa = PBXFrameworksBuildPhase;
			buildActionMask = 2147483647;
			files = (
			);
			runOnlyForDeploymentPostprocessing = 0;
		};
/* End PBXFrameworksBuildPhase section */

/* Begin PBXGroup section */
		2B9E385119CFE27F00B08856 /* aws-resources */ = {
			isa = PBXGroup;
			children = (
				2B9E385219CFE27F00B08856 /* install.sql */,
				2B9E385319CFE27F00B08856 /* uninstall.sql */,
			);
			path = "aws-resources";
			sourceTree = "<group>";
		};
		2BD8626E19CFE16400B0C11D = {
			isa = PBXGroup;
			children = (
				2B9E384919CFE27F00B08856 /* 1-ReadMe.md */,
				2B9E384A19CFE27F00B08856 /* aws-awsio.go */,
				2B9E384B19CFE27F00B08856 /* aws-commands.go */,
				2B9E384C19CFE27F00B08856 /* aws-common.go */,
				2B9E384D19CFE27F00B08856 /* aws-install.go */,
				2B9E384E19CFE27F00B08856 /* aws-main.go */,
				2B9E384F19CFE27F00B08856 /* aws-refresh.go */,
				2B9E385019CFE27F00B08856 /* aws-report.go */,
				2B9E385119CFE27F00B08856 /* aws-resources */,
				2B9E385419CFE27F00B08856 /* aws-resources.go */,
				2BD8627819CFE16400B0C11D /* Products */,
			);
			sourceTree = "<group>";
		};
		2BD8627819CFE16400B0C11D /* Products */ = {
			isa = PBXGroup;
			children = (
				2BD8627719CFE16400B0C11D /* aws-backup */,
			);
			name = Products;
			sourceTree = "<group>";
		};
/* End PBXGroup section */

/* Begin PBXNativeTarget section */
		2BD8627619CFE16400B0C11D /* aws-backup */ = {
			isa = PBXNativeTarget;
			buildConfigurationList = 2BD8627E19CFE16400B0C11D /* Build configuration list for PBXNativeTarget "aws-backup" */;
			buildPhases = (
				2BD8627319CFE16400B0C11D /* Sources */,
				2BD8627419CFE16400B0C11D /* Frameworks */,
				2BD8627519CFE16400B0C11D /* CopyFiles */,
			);
			buildRules = (
			);
			dependencies = (
			);
			name = "aws-backup";
			productName = "aws-backup";
			productReference = 2BD8627719CFE16400B0C11D /* aws-backup */;
			productType = "com.apple.product-type.tool";
		};
/* End PBXNativeTarget section */

/* Begin PBXProject section */
		2BD8626F19CFE16400B0C11D /* Project object */ = {
			isa = PBXProject;
			attributes = {
				LastUpgradeCheck = 0600;
				ORGANIZATIONNAME = "Edward Smith";
				TargetAttributes = {
					2BD8627619CFE16400B0C11D = {
						CreatedOnToolsVersion = 6.0.1;
					};
				};
			};
			buildConfigurationList = 2BD8627219CFE16400B0C11D /* Build configuration list for PBXProject "aws-backup" */;
			compatibilityVersion = "Xcode 3.2";
			developmentRegion = English;
			hasScannedForEncodings = 0;
			knownRegions = (
				en,
			);
			mainGroup = 2BD8626E19CFE16400B0C11D;
			productRefGroup = 2BD8627819CFE16400B0C11D /* Products */;
			projectDirPath = "";
			projectRoot = "";
			targets = (
				2BD8627619CFE16400B0C11D /* aws-backup */,
			);
		};
/* End PBXProject section */

/* Begin PBXSourcesBuildPhase section */
		2BD8627319CFE16400B0C11D /* Sources */ = {
			isa = PBXSourcesBuildPhase;
			buildActionMask = 2147483647;
			files = (
			);
			runOnlyForDeploymentPostprocessing = 0;
		};
/* End PBXSourcesBuildPhase section */

/* Begin XCBuildConfiguration section */
		2BD8627C19CFE16400B0C11D /* Debug */ = {
			isa = XCBuildConfiguration;
			buildSettings = {
				ALWAYS_SEARCH_USER_PATHS = NO;
				CLANG_CXX_LANGUAGE_STANDARD = "gnu++0x";
				CLANG_CXX_LIBRARY = "libc++";
				CLANG_ENABLE_MODULES = YES;
				CLANG_ENABLE_OBJC_ARC = YES;
				CLANG_WARN_BOOL_CONVERSION = YES;
				CLANG_WARN_CONSTANT_CONVERSION = YES;
				CLANG_WARN_DIRECT_OBJC_ISA_USAGE = YES_ERROR;
				CLANG_WARN_EMPTY_BODY = YES;
				CLANG_WARN_ENUM_CONVERSION = YES;
				CLANG_WARN_INT_CONVERSION = YES;
				CLANG_WARN_OBJC_ROOT_CLASS = YES_ERROR;
				CLANG_WARN_UNREACHABLE_CODE = YES;
				CLANG_WARN__DUPLICATE_METHOD_MATCH = YES;
				COPY_PHASE_STRIP = NO;
				ENABLE_STRICT_OBJC_MSGSEND = YES;
				GCC_C_LANGUAGE_STANDARD = gnu99;
				GCC_DYNAMIC_NO_PIC = NO;
				GCC_OPTIMIZATION_LEVEL = 0;
				GCC_PREPROCESSOR_DEFINITIONS = (
					"DEBUG=1",
					"$(inherited)",
				);
				GCC_SYMBOLS_PRIVATE_EXTERN = NO;
				GCC_WARN_64_TO_32_BIT_CONVERSION = YES;
				GCC_WARN_ABOUT_RETURN_TYPE = YES_ERROR;
				GCC_WARN_UNDECLARED_SELECTOR = YES;
				GCC_WARN_UNINITIALIZED_AUTOS = YES_AGGRESSIVE;
				GCC_WARN_UNUSED_FUNCTION = YES;
				GCC_WARN_UNUSED_VARIABLE = YES;
				MACOSX_DEPLOYMENT_TARGET = 10.9;
				MTL_ENABLE_DEBUG_INFO = YES;
				ONLY_ACTIVE_ARCH = YES;
				SDKROOT = macosx;
			};
			name = Debug;
		};
		2BD8627D19CFE16400B0C11D /* Release */ = {
			isa = XCBuildConfiguration;
			buildSettings = {
				ALWAYS_SEARCH_USER_PATHS = NO;
				CLANG_CXX_LANGUAGE_STANDARD = "gnu++0x";
				CLANG_CXX_LIBRARY = "libc++";
				CLANG_ENABLE_MODULES = YES;
				CLANG_ENABLE_OBJC_ARC = YES;
				CLANG_WARN_BOOL_CONVERSION = YES;
				CLANG_WARN_CONSTANT_CONVERSION = YES;
				CLANG_WARN_DIRECT_OBJC_ISA_USAGE = YES_ERROR;
				CLANG_WARN_EMPTY_BODY = YES;
				CLANG_WARN_ENUM_CONVERSION = YES;
				CLANG_WARN_INT_CONVERSION = YES;
				CLANG_WARN_OBJC_ROOT_CLASS = YES_ERROR;
				CLANG_WARN_UNREACHABLE_CODE = YES;
				CLANG_WARN__DUPLICATE_METHOD_MATCH = YES;
				COPY_PHASE_STRIP = YES;
				DEBUG_INFORMATION_FORMAT = "dwarf-with-dsym";
				ENABLE_NS_ASSERTIONS = NO;
				ENABLE_STRICT_OBJC_MSGSEND = YES;
				GCC_C_LANGUAGE_STANDARD = gnu99;
				GCC_WARN_64_TO_32_BIT_CONVERSION = YES;
				GCC_WARN_ABOUT_RETURN_TYPE = YES_ERROR;
				GCC_WARN_UNDECLARED_SELECTOR = YES;
				GCC_WARN_UNINITIALIZED_AUTOS = YES_AGGRESSIVE;
				GCC_WARN_UNUSED_FUNCTION = YES;
				GCC_WARN_UNUSED_VARIABLE = YES;
				MACOSX_DEPLOYMENT_TARGET = 10.9;
				MTL_ENABLE_DEBUG_INFO = NO;
				SDKROOT = macosx;
			};
			name = Release;
		};
		2BD8627F19CFE16400B0C11D /* Debug */ = {
			isa = XCBuildConfiguration;
			buildSettings = {
				PRODUCT_NAME = "$(TARGET_NAME)";
			};
			name = Debug;
		};
		2BD8628019CFE16400B0C11D /* Release */ = {
			isa = XCBuildConfiguration;
			buildSettings = {
				PRODUCT_NAME = "$(TARGET_NAME)";
			};
			name = Release;
		};
/* End XCBuildConfiguration section */

/* Begin XCConfigurationList section */
		2BD8627219CFE16400B0C11D /* Build configuration list for PBXProject "aws-backup" */ = {
			isa = XCConfigurationList;
			buildConfigurations = (
				2BD8627C19CFE16400B0C11D /* Debug */,
				2BD8627D19CFE16400B0C11D /* Release */,
			);
			defaultConfigurationIsVisible = 0;
			defaultConfigurationName = Release;
		};
		2BD8627E19CFE16400B0C11D /* Build configuration list for PBXNativeTarget "aws-backup" */ = {
			isa = XCConfigurationList;
			buildConfigurations = (
				2BD8627F19CFE16400B0C11D /* Debug */,
				2BD8628019CFE16400B0C11D /* Release */,
			);
			defaultConfigurationIsVisible = 0;
			defaultConfigurationName = Release;
		};
/* End XCConfigurationList section */
	};
	rootObject = 2BD8626F19CFE16400B0C11D /* Project object */;
}
